dependencies:
- name: mongodb
  repository: https://charts.bitnami.com/bitnami
  version: 13.13.1
- name: postgresql
  repository: https://charts.bitnami.com/bitnami/
  version: 11.9.13
- name: common
  repository: https://charts.bitnami.com/bitnami
  version: 2.6.0
digest: sha256:dda5d934795b4a8bebc838b46bb0e94fefbb2fd02a4c45baed829b18c03371d9
generated: "2023-07-31T09:49:41.275055325-07:00"
