dependencies:
- name: mongodb
  repository: https://charts.bitnami.com/bitnami
  version: 13.13.1
- name: common
  repository: https://charts.bitnami.com/bitnami
  version: 2.4.0
digest: sha256:d3c9fa40b8f838f01f6597ea4bd1e00ec446bd8b78c0a1315bdb016068fbc9ca
generated: "2023-05-26T11:30:52.738070853-07:00"
