dependencies:
- name: mongodb
  repository: https://charts.bitnami.com/bitnami
  version: 15.4.3
- name: postgresql
  repository: https://charts.bitnami.com/bitnami/
  version: 11.9.13
- name: common
  repository: https://charts.bitnami.com/bitnami
  version: 2.19.2
digest: sha256:c069b4913d2ffd6ba0ee333497778745496d3228bd70bf856afc62299b417f88
generated: "2024-05-17T09:00:58.874758559-07:00"
